
Microsoft Visual Studio Solution File, Format Version 12.00
# Visual Studio 15
Project("{FAE04EC0-301F-11D3-BF4B-00C04F79EFBC}") = "GoogleMobileAds", "GoogleMobileAds.csproj", "{F78E342B-9A24-560D-3C69-AF10C4EF7590}"
EndProject
Project("{FAE04EC0-301F-11D3-BF4B-00C04F79EFBC}") = "Assembly-CSharp", "Assembly-CSharp.csproj", "{495C77AB-ED87-A686-E14D-B6A253984D7B}"
EndProject
Project("{FAE04EC0-301F-11D3-BF4B-00C04F79EFBC}") = "GoogleMobileAds.Editor", "GoogleMobileAds.Editor.csproj", "{916792CB-DDF1-B6B7-2A06-4C4E5F28D200}"
EndProject
Global
	GlobalSection(SolutionConfigurationPlatforms) = preSolution
		Debug|Any CPU = Debug|Any CPU
		Release|Any CPU = Release|Any CPU
	EndGlobalSection
	GlobalSection(ProjectConfigurationPlatforms) = postSolution
		{F78E342B-9A24-560D-3C69-AF10C4EF7590}.Debug|Any CPU.ActiveCfg = Debug|Any CPU
		{F78E342B-9A24-560D-3C69-AF10C4EF7590}.Debug|Any CPU.Build.0 = Debug|Any CPU
		{F78E342B-9A24-560D-3C69-AF10C4EF7590}.Release|Any CPU.ActiveCfg = Release|Any CPU
		{F78E342B-9A24-560D-3C69-AF10C4EF7590}.Release|Any CPU.Build.0 = Release|Any CPU
		{495C77AB-ED87-A686-E14D-B6A253984D7B}.Debug|Any CPU.ActiveCfg = Debug|Any CPU
		{495C77AB-ED87-A686-E14D-B6A253984D7B}.Debug|Any CPU.Build.0 = Debug|Any CPU
		{495C77AB-ED87-A686-E14D-B6A253984D7B}.Release|Any CPU.ActiveCfg = Release|Any CPU
		{495C77AB-ED87-A686-E14D-B6A253984D7B}.Release|Any CPU.Build.0 = Release|Any CPU
		{916792CB-DDF1-B6B7-2A06-4C4E5F28D200}.Debug|Any CPU.ActiveCfg = Debug|Any CPU
		{916792CB-DDF1-B6B7-2A06-4C4E5F28D200}.Debug|Any CPU.Build.0 = Debug|Any CPU
		{916792CB-DDF1-B6B7-2A06-4C4E5F28D200}.Release|Any CPU.ActiveCfg = Release|Any CPU
		{916792CB-DDF1-B6B7-2A06-4C4E5F28D200}.Release|Any CPU.Build.0 = Release|Any CPU
	EndGlobalSection
	GlobalSection(SolutionProperties) = preSolution
		HideSolutionNode = FALSE
	EndGlobalSection
EndGlobal
